
Microsoft Visual Studio Solution File, Format Version 11.00
# Visual Studio 2010
Project("{FAE04EC0-301F-11D3-BF4B-00C04F79EFBC}") = "Assembly-CSharp", "Assembly-CSharp.csproj", "{801151da-2f07-929e-dcb8-5acd43bd0c51}"
EndProject
Project("{FAE04EC0-301F-11D3-BF4B-00C04F79EFBC}") = "Assembly-CSharp-Editor", "Assembly-CSharp-Editor.csproj", "{1696a47d-32c7-cef8-383e-83e9e409605e}"
EndProject
Global
	GlobalSection(SolutionConfigurationPlatforms) = preSolution
		Debug|Any CPU = Debug|Any CPU
	EndGlobalSection
	GlobalSection(ProjectConfigurationPlatforms) = postSolution
		{801151da-2f07-929e-dcb8-5acd43bd0c51}.Debug|Any CPU.ActiveCfg = Debug|Any CPU
		{801151da-2f07-929e-dcb8-5acd43bd0c51}.Debug|Any CPU.Build.0 = Debug|Any CPU
		{1696a47d-32c7-cef8-383e-83e9e409605e}.Debug|Any CPU.ActiveCfg = Debug|Any CPU
		{1696a47d-32c7-cef8-383e-83e9e409605e}.Debug|Any CPU.Build.0 = Debug|Any CPU
	EndGlobalSection
	GlobalSection(SolutionProperties) = preSolution
		HideSolutionNode = FALSE
	EndGlobalSection
EndGlobal
